#MicroXplorer Configuration settings - do not modify
ADC1.Channel-0\#ChannelRegularConversion=ADC_CHANNEL_4
ADC1.Channel-1\#ChannelRegularConversion=ADC_CHANNEL_11
ADC1.ClockPrescaler=ADC_CLOCK_SYNC_PCLK_DIV4
ADC1.ContinuousConvMode=DISABLE
ADC1.DMAContinuousRequests=DISABLE
ADC1.DataAlign=ADC_DATAALIGN_RIGHT
ADC1.DiscontinuousConvMode=DISABLE
ADC1.EOCSelection=ADC_EOC_SINGLE_CONV
ADC1.EnableAnalogWatchDog=false
ADC1.ExternalTrigConv=ADC_SOFTWARE_START
ADC1.ExternalTrigConvEdge=ADC_EXTERNALTRIGCONVEDGE_NONE
ADC1.IPParameters=Rank-0\#ChannelRegularConversion,Channel-0\#ChannelRegularConversion,SamplingTime-0\#ChannelRegularConversion,NbrOfConversionFlag,master,ScanConvMode,Rank-1\#ChannelRegularConversion,Channel-1\#ChannelRegularConversion,SamplingTime-1\#ChannelRegularConversion,NbrOfConversion,ClockPrescaler,Resolution,DataAlign,ContinuousConvMode,DiscontinuousConvMode,DMAContinuousRequests,EOCSelection,ExternalTrigConv,ExternalTrigConvEdge,InjNumberOfConversion,EnableAnalogWatchDog
ADC1.InjNumberOfConversion=0
ADC1.NbrOfConversion=2
ADC1.NbrOfConversionFlag=1
ADC1.Rank-0\#ChannelRegularConversion=1
ADC1.Rank-1\#ChannelRegularConversion=2
ADC1.Resolution=ADC_RESOLUTION_12B
ADC1.SamplingTime-0\#ChannelRegularConversion=ADC_SAMPLETIME_56CYCLES
ADC1.SamplingTime-1\#ChannelRegularConversion=ADC_SAMPLETIME_56CYCLES
ADC1.ScanConvMode=ENABLE
ADC1.master=1
CAN1.ABOM=ENABLE
CAN1.AWUM=ENABLE
CAN1.BS1=CAN_BS1_13TQ
CAN1.BS2=CAN_BS2_2TQ
CAN1.CalculateTimeBit=2000
CAN1.CalculateTimeQuantum=125.0
CAN1.IPParameters=CalculateTimeQuantum,CalculateTimeBit,Prescaler,BS1,BS2,SJW,ABOM,AWUM,Mode
CAN1.Mode=CAN_MODE_NORMAL
CAN1.Prescaler=5
CAN1.SJW=CAN_SJW_1TQ
CAN2.ABOM=ENABLE
CAN2.AWUM=ENABLE
CAN2.BS1=CAN_BS1_13TQ
CAN2.BS2=CAN_BS2_2TQ
CAN2.CalculateTimeBit=8000
CAN2.CalculateTimeQuantum=500.0
CAN2.IPParameters=CalculateTimeQuantum,CalculateTimeBit,BS1,BS2,Prescaler,ABOM,AWUM
CAN2.Prescaler=20
Dma.ADC1.2.Direction=DMA_PERIPH_TO_MEMORY
Dma.ADC1.2.FIFOMode=DMA_FIFOMODE_DISABLE
Dma.ADC1.2.Instance=DMA2_Stream0
Dma.ADC1.2.MemDataAlignment=DMA_MDATAALIGN_HALFWORD
Dma.ADC1.2.MemInc=DMA_MINC_ENABLE
Dma.ADC1.2.Mode=DMA_NORMAL
Dma.ADC1.2.PeriphDataAlignment=DMA_PDATAALIGN_HALFWORD
Dma.ADC1.2.PeriphInc=DMA_PINC_DISABLE
Dma.ADC1.2.Priority=DMA_PRIORITY_LOW
Dma.ADC1.2.RequestParameters=Instance,Direction,PeriphInc,MemInc,PeriphDataAlignment,MemDataAlignment,Mode,Priority,FIFOMode
Dma.Request0=USART2_RX
Dma.Request1=USART2_TX
Dma.Request2=ADC1
Dma.RequestsNb=3
Dma.USART2_RX.0.Direction=DMA_PERIPH_TO_MEMORY
Dma.USART2_RX.0.FIFOMode=DMA_FIFOMODE_DISABLE
Dma.USART2_RX.0.Instance=DMA1_Stream5
Dma.USART2_RX.0.MemDataAlignment=DMA_MDATAALIGN_BYTE
Dma.USART2_RX.0.MemInc=DMA_MINC_ENABLE
Dma.USART2_RX.0.Mode=DMA_CIRCULAR
Dma.USART2_RX.0.PeriphDataAlignment=DMA_PDATAALIGN_BYTE
Dma.USART2_RX.0.PeriphInc=DMA_PINC_DISABLE
Dma.USART2_RX.0.Priority=DMA_PRIORITY_HIGH
Dma.USART2_RX.0.RequestParameters=Instance,Direction,PeriphInc,MemInc,PeriphDataAlignment,MemDataAlignment,Mode,Priority,FIFOMode
Dma.USART2_TX.1.Direction=DMA_MEMORY_TO_PERIPH
Dma.USART2_TX.1.FIFOMode=DMA_FIFOMODE_DISABLE
Dma.USART2_TX.1.Instance=DMA1_Stream6
Dma.USART2_TX.1.MemDataAlignment=DMA_MDATAALIGN_BYTE
Dma.USART2_TX.1.MemInc=DMA_MINC_ENABLE
Dma.USART2_TX.1.Mode=DMA_NORMAL
Dma.USART2_TX.1.PeriphDataAlignment=DMA_PDATAALIGN_BYTE
Dma.USART2_TX.1.PeriphInc=DMA_PINC_DISABLE
Dma.USART2_TX.1.Priority=DMA_PRIORITY_MEDIUM
Dma.USART2_TX.1.RequestParameters=Instance,Direction,PeriphInc,MemInc,PeriphDataAlignment,MemDataAlignment,Mode,Priority,FIFOMode
FREERTOS.FootprintOK=true
FREERTOS.INCLUDE_eTaskGetState=1
FREERTOS.INCLUDE_vTaskDelayUntil=1
FREERTOS.INCLUDE_xQueueGetMutexHolder=1
FREERTOS.INCLUDE_xSemaphoreGetMutexHolder=1
FREERTOS.INCLUDE_xTaskGetCurrentTaskHandle=1
FREERTOS.IPParameters=Tasks01,configMAX_PRIORITIES,configMINIMAL_STACK_SIZE,FootprintOK,configTOTAL_HEAP_SIZE,configUSE_TASK_NOTIFICATIONS,configENABLE_BACKWARD_COMPATIBILITY,configUSE_PORT_OPTIMISED_TASK_SELECTION,configUSE_MALLOC_FAILED_HOOK,configCHECK_FOR_STACK_OVERFLOW,configUSE_TRACE_FACILITY,configUSE_TIMERS,configTIMER_TASK_PRIORITY,configTIMER_QUEUE_LENGTH,configTIMER_TASK_STACK_DEPTH,INCLUDE_vTaskDelayUntil,INCLUDE_eTaskGetState,INCLUDE_xTaskGetCurrentTaskHandle,INCLUDE_xSemaphoreGetMutexHolder,INCLUDE_xQueueGetMutexHolder,Queues01,Timers01,Mutexes01
FREERTOS.Mutexes01=swMtx,Dynamic,NULL;uartMtx,Dynamic,NULL
FREERTOS.Queues01=mainCanTxQ,32,Can_frame_t,NULL,Dynamic,NULL,NULL;mainCanRxQ,32,Can_frame_t,NULL,Dynamic,NULL,NULL;MotCanTxQ,32,Can_frame_t,NULL,Dynamic,NULL,NULL;motCanRxQ,32,Can_frame_t,NULL,Dynamic,NULL,NULL
FREERTOS.Tasks01=Motor_Ctrl,2,512,doMotCtrl,Default,NULL,Dynamic,NULL,NULL;Can_Processor,1,512,doProcessCan,Default,NULL,Dynamic,NULL,NULL;Housekeeping,-1,512,doHousekeeping,Default,NULL,Dynamic,NULL,NULL;Can2_Processor,0,512,doProcessorMotCan,Default,NULL,Dynamic,NULL,NULL
FREERTOS.Timers01=WWDGTmr,TmrKickDog,osTimerPeriodic,Default,NULL,Dynamic,NULL;HBTmr,TmrSendHB,osTimerPeriodic,Default,NULL,Dynamic,NULL
FREERTOS.configCHECK_FOR_STACK_OVERFLOW=2
FREERTOS.configENABLE_BACKWARD_COMPATIBILITY=0
FREERTOS.configMAX_PRIORITIES=7
FREERTOS.configMINIMAL_STACK_SIZE=512
FREERTOS.configTIMER_QUEUE_LENGTH=8
FREERTOS.configTIMER_TASK_PRIORITY=6
FREERTOS.configTIMER_TASK_STACK_DEPTH=512
FREERTOS.configTOTAL_HEAP_SIZE=65536
FREERTOS.configUSE_MALLOC_FAILED_HOOK=1
FREERTOS.configUSE_PORT_OPTIMISED_TASK_SELECTION=1
FREERTOS.configUSE_TASK_NOTIFICATIONS=0
FREERTOS.configUSE_TIMERS=1
FREERTOS.configUSE_TRACE_FACILITY=0
File.Version=6
KeepUserPlacement=true
Mcu.Family=STM32F4
Mcu.IP0=ADC1
Mcu.IP1=CAN1
Mcu.IP2=CAN2
Mcu.IP3=DMA
Mcu.IP4=FREERTOS
Mcu.IP5=NVIC
Mcu.IP6=RCC
Mcu.IP7=SYS
Mcu.IP8=USART2
Mcu.IP9=WWDG
Mcu.IPNb=10
Mcu.Name=STM32F446R(C-E)Tx
Mcu.Package=LQFP64
Mcu.Pin0=PC13
Mcu.Pin1=PC14-OSC32_IN
Mcu.Pin10=PA5
Mcu.Pin11=PB14
Mcu.Pin12=PB15
Mcu.Pin13=PA11
Mcu.Pin14=PA12
Mcu.Pin15=PA13
Mcu.Pin16=PA14
Mcu.Pin17=PB5
Mcu.Pin18=PB6
Mcu.Pin19=VP_FREERTOS_VS_ENABLE
Mcu.Pin2=PC15-OSC32_OUT
Mcu.Pin20=VP_SYS_VS_tim6
Mcu.Pin21=VP_WWDG_VS_WWDG
Mcu.Pin3=PH0-OSC_IN
Mcu.Pin4=PH1-OSC_OUT
Mcu.Pin5=PC0
Mcu.Pin6=PC1
Mcu.Pin7=PA2
Mcu.Pin8=PA3
Mcu.Pin9=PA4
Mcu.PinsNb=22
Mcu.UserConstants=
Mcu.UserName=STM32F446RETx
MxCube.Version=4.22.1
MxDb.Version=DB.4.0.221
NVIC.BusFault_IRQn=true\:0\:0\:false\:false\:false\:false\:true
NVIC.CAN1_RX0_IRQn=true\:5\:0\:false\:false\:true\:true\:true
NVIC.CAN1_RX1_IRQn=true\:5\:0\:false\:false\:true\:true\:true
NVIC.CAN1_SCE_IRQn=true\:5\:0\:false\:false\:true\:true\:true
NVIC.CAN1_TX_IRQn=true\:5\:0\:false\:false\:true\:true\:true
NVIC.CAN2_RX0_IRQn=true\:5\:0\:false\:false\:true\:true\:true
NVIC.CAN2_RX1_IRQn=true\:5\:0\:false\:false\:true\:true\:true
NVIC.CAN2_SCE_IRQn=true\:5\:0\:false\:false\:true\:true\:true
NVIC.CAN2_TX_IRQn=true\:5\:0\:false\:false\:true\:true\:true
NVIC.DMA1_Stream5_IRQn=true\:6\:0\:true\:false\:true\:true\:true
NVIC.DMA1_Stream6_IRQn=true\:6\:0\:true\:false\:true\:true\:true
NVIC.DMA2_Stream0_IRQn=true\:5\:0\:false\:false\:true\:true\:true
NVIC.DebugMonitor_IRQn=true\:0\:0\:false\:false\:false\:false\:true
NVIC.HardFault_IRQn=true\:0\:0\:false\:false\:false\:false\:true
NVIC.MemoryManagement_IRQn=true\:0\:0\:false\:false\:false\:false\:true
NVIC.NonMaskableInt_IRQn=true\:0\:0\:false\:false\:false\:false\:true
NVIC.PendSV_IRQn=true\:15\:0\:false\:false\:false\:true\:true
NVIC.PriorityGroup=NVIC_PRIORITYGROUP_4
NVIC.SVCall_IRQn=true\:0\:0\:false\:false\:false\:false\:true
NVIC.SysTick_IRQn=true\:15\:0\:true\:false\:true\:true\:true
NVIC.TIM6_DAC_IRQn=true\:0\:0\:false\:false\:true\:false\:true
NVIC.TimeBase=TIM6_DAC_IRQn
NVIC.TimeBaseIP=TIM6
NVIC.USART2_IRQn=true\:5\:0\:false\:false\:true\:true\:true
NVIC.UsageFault_IRQn=true\:0\:0\:false\:false\:false\:false\:true
PA11.Mode=Master
PA11.Signal=CAN1_RX
PA12.Mode=Master
PA12.Signal=CAN1_TX
PA13.GPIOParameters=GPIO_Label
PA13.GPIO_Label=TMS
PA13.Locked=true
PA13.Mode=Serial_Wire
PA13.Signal=SYS_JTMS-SWDIO
PA14.GPIOParameters=GPIO_Label
PA14.GPIO_Label=TCK
PA14.Locked=true
PA14.Mode=Serial_Wire
PA14.Signal=SYS_JTCK-SWCLK
PA2.GPIOParameters=GPIO_Label
PA2.GPIO_Label=USART_TX
PA2.Locked=true
PA2.Mode=Asynchronous
PA2.Signal=USART2_TX
PA3.GPIOParameters=GPIO_Label
PA3.GPIO_Label=USART_RX
PA3.Locked=true
PA3.Mode=Asynchronous
PA3.Signal=USART2_RX
PA4.GPIOParameters=GPIO_Label
PA4.GPIO_Label=ACCEL
PA4.Locked=true
PA4.Signal=ADCx_IN4
PA5.GPIOParameters=GPIO_Speed,GPIO_Label
PA5.GPIO_Label=LD2 [Green Led]
PA5.GPIO_Speed=GPIO_SPEED_FREQ_VERY_HIGH
PA5.Locked=true
PA5.Signal=GPIO_Output
PB14.GPIOParameters=GPIO_PuPd,GPIO_Label
PB14.GPIO_Label=DRV_DIR
PB14.GPIO_PuPd=GPIO_PULLUP
PB14.Locked=true
PB14.Signal=GPIO_Input
PB15.GPIOParameters=GPIO_PuPd,GPIO_Label
PB15.GPIO_Label=DRV_MODE
PB15.GPIO_PuPd=GPIO_PULLUP
PB15.Locked=true
PB15.Signal=GPIO_Input
PB5.Locked=true
PB5.Mode=Slave
PB5.Signal=CAN2_RX
PB6.Locked=true
PB6.Mode=Slave
PB6.Signal=CAN2_TX
PC0.GPIOParameters=GPIO_PuPd,GPIO_Label
PC0.GPIO_Label=MOT_ON
PC0.GPIO_PuPd=GPIO_PULLUP
PC0.Locked=true
PC0.Signal=GPIO_Input
PC1.GPIOParameters=GPIO_Label
PC1.GPIO_Label=REGEN
PC1.Locked=true
PC1.Signal=ADCx_IN11
PC13.GPIOParameters=GPIO_Label,GPIO_ModeDefaultEXTI
PC13.GPIO_Label=B1 [Blue PushButton]
PC13.GPIO_ModeDefaultEXTI=GPIO_MODE_EVT_RISING
PC13.Locked=true
PC13.Signal=GPXTI13
PC14-OSC32_IN.Locked=true
PC14-OSC32_IN.Mode=LSE-External-Oscillator
PC14-OSC32_IN.Signal=RCC_OSC32_IN
PC15-OSC32_OUT.Locked=true
PC15-OSC32_OUT.Mode=LSE-External-Oscillator
PC15-OSC32_OUT.Signal=RCC_OSC32_OUT
PCC.Checker=false
PCC.Line=STM32F446
PCC.MCU=STM32F446R(C-E)Tx
PCC.PartNumber=STM32F446RETx
PCC.Seq0=0
PCC.Series=STM32F4
PCC.Temperature=25
PCC.Vdd=null
PH0-OSC_IN.Locked=true
PH0-OSC_IN.Mode=HSE-External-Oscillator
PH0-OSC_IN.Signal=RCC_OSC_IN
PH1-OSC_OUT.Locked=true
PH1-OSC_OUT.Mode=HSE-External-Oscillator
PH1-OSC_OUT.Signal=RCC_OSC_OUT
PinOutPanel.RotationAngle=0
ProjectManager.AskForMigrate=true
ProjectManager.BackupPrevious=true
ProjectManager.CompilerOptimize=2
ProjectManager.ComputerToolchain=false
ProjectManager.CoupleFile=false
ProjectManager.CustomerFirmwarePackage=
ProjectManager.DefaultFWLocation=true
ProjectManager.DeletePrevious=true
ProjectManager.DeviceId=STM32F446RETx
ProjectManager.FirmwarePackage=STM32Cube FW_F4 V1.16.0
ProjectManager.FreePins=true
ProjectManager.HalAssertFull=false
ProjectManager.HeapSize=0x200
ProjectManager.KeepUserCode=true
ProjectManager.LastFirmware=true
ProjectManager.LibraryCopy=1
ProjectManager.PreviousToolchain=SW4STM32
ProjectManager.ProjectBuild=false
ProjectManager.ProjectFileName=Gen9_MCI.ioc
ProjectManager.ProjectName=Gen9_MCI
ProjectManager.StackSize=0x400
ProjectManager.TargetToolchain=EWARM
ProjectManager.ToolChainLocation=
ProjectManager.UnderRoot=false
ProjectManager.functionlistsort=1-MX_GPIO_Init-GPIO-false-HAL,2-MX_DMA_Init-DMA-false-HAL,3-SystemClock_Config-RCC-false-HAL,4-MX_USART2_UART_Init-USART2-false-HAL,5-MX_CAN1_Init-CAN1-false-HAL,6-MX_WWDG_Init-WWDG-false-HAL,7-MX_ADC1_Init-ADC1-false-HAL,8-MX_CAN2_Init-CAN2-false-HAL
RCC.48MHZClocksFreq_Value=84000000
RCC.AHBFreq_Value=160000000
RCC.APB1CLKDivider=RCC_HCLK_DIV4
RCC.APB1Freq_Value=40000000
RCC.APB1TimFreq_Value=80000000
RCC.APB2CLKDivider=RCC_HCLK_DIV2
RCC.APB2Freq_Value=80000000
RCC.APB2TimFreq_Value=160000000
RCC.CECFreq_Value=32786.88524590164
RCC.CortexFreq_Value=160000000
RCC.EthernetFreq_Value=84000000
RCC.FCLKCortexFreq_Value=160000000
RCC.FLatency-AdvancedSettings=FLASH_LATENCY_5
RCC.FMPI2C1Freq_Value=40000000
RCC.FamilyName=M
RCC.HCLKFreq_Value=160000000
RCC.HSE_VALUE=8000000
RCC.HSI_VALUE=16000000
RCC.I2S1Freq_Value=48000000
RCC.I2S2Freq_Value=48000000
RCC.I2SClocksFreq_Value=96000000
RCC.IPParameters=48MHZClocksFreq_Value,AHBFreq_Value,APB1CLKDivider,APB1Freq_Value,APB1TimFreq_Value,APB2CLKDivider,APB2Freq_Value,APB2TimFreq_Value,CECFreq_Value,CortexFreq_Value,EthernetFreq_Value,FCLKCortexFreq_Value,FLatency-AdvancedSettings,FMPI2C1Freq_Value,FamilyName,HCLKFreq_Value,HSE_VALUE,HSI_VALUE,I2S1Freq_Value,I2S2Freq_Value,I2SClocksFreq_Value,LSI_VALUE,MCO2PinFreq_Value,PLLCLKFreq_Value,PLLI2SPCLKFreq_Value,PLLI2SQCLKFreq_Value,PLLI2SRCLKFreq_Value,PLLI2SoutputFreq_Value,PLLM,PLLN,PLLQCLKFreq_Value,PLLRCLKFreq_Value,PLLSAIPCLKFreq_Value,PLLSAIQCLKFreq_Value,PLLSAIoutputFreq_Value,PLLSourceVirtual,PWRFreq_Value,RCC_RTC_Clock_SourceVirtual,RTCFreq_Value,RTCHSEDivFreq_Value,SAIAFreq_Value,SAIBFreq_Value,SDIOFreq_Value,SPDIFRXFreq_Value,SYSCLKFreq_VALUE,SYSCLKSource,USBFreq_Value,VCOI2SInputFreq_Value,VCOI2SOutputFreq_Value,VCOInputFreq_Value,VCOInputMFreq_Value,VCOOutputFreq_Value,VCOSAIInputFreq_Value,VCOSAIOutputFreq_Value,VcooutputI2S
RCC.LSI_VALUE=32000
RCC.MCO2PinFreq_Value=160000000
RCC.PLLCLKFreq_Value=160000000
RCC.PLLI2SPCLKFreq_Value=48000000
RCC.PLLI2SQCLKFreq_Value=48000000
RCC.PLLI2SRCLKFreq_Value=48000000
RCC.PLLI2SoutputFreq_Value=48000000
RCC.PLLM=4
RCC.PLLN=160
RCC.PLLQCLKFreq_Value=160000000
RCC.PLLRCLKFreq_Value=160000000
RCC.PLLSAIPCLKFreq_Value=48000000
RCC.PLLSAIQCLKFreq_Value=48000000
RCC.PLLSAIoutputFreq_Value=48000000
RCC.PLLSourceVirtual=RCC_PLLSOURCE_HSE
RCC.PWRFreq_Value=160000000
RCC.RCC_RTC_Clock_SourceVirtual=RCC_RTCCLKSOURCE_LSI
RCC.RTCFreq_Value=32000
RCC.RTCHSEDivFreq_Value=4000000
RCC.SAIAFreq_Value=48000000
RCC.SAIBFreq_Value=48000000
RCC.SDIOFreq_Value=160000000
RCC.SPDIFRXFreq_Value=160000000
RCC.SYSCLKFreq_VALUE=160000000
RCC.SYSCLKSource=RCC_SYSCLKSOURCE_PLLCLK
RCC.USBFreq_Value=160000000
RCC.VCOI2SInputFreq_Value=500000
RCC.VCOI2SOutputFreq_Value=96000000
RCC.VCOInputFreq_Value=2000000
RCC.VCOInputMFreq_Value=1000000
RCC.VCOOutputFreq_Value=320000000
RCC.VCOSAIInputFreq_Value=500000
RCC.VCOSAIOutputFreq_Value=96000000
RCC.VcooutputI2S=96000000
SH.ADCx_IN11.0=ADC1_IN11,IN11
SH.ADCx_IN11.ConfNb=1
SH.ADCx_IN4.0=ADC1_IN4,IN4
SH.ADCx_IN4.ConfNb=1
SH.GPXTI13.0=GPIO_EXTI13
SH.GPXTI13.ConfNb=1
USART2.BaudRate=230400
USART2.IPParameters=BaudRate,VirtualMode
USART2.VirtualMode=VM_ASYNC
VP_FREERTOS_VS_ENABLE.Mode=Enabled
VP_FREERTOS_VS_ENABLE.Signal=FREERTOS_VS_ENABLE
VP_SYS_VS_tim6.Mode=TIM6
VP_SYS_VS_tim6.Signal=SYS_VS_tim6
VP_WWDG_VS_WWDG.Mode=WWDG_Activate
VP_WWDG_VS_WWDG.Signal=WWDG_VS_WWDG
WWDG.Counter=127
WWDG.EWIMode=WWDG_EWI_ENABLE
WWDG.IPParameters=Prescaler,Window,Counter,EWIMode
WWDG.Prescaler=WWDG_PRESCALER_8
WWDG.Window=127
board=NUCLEO-F446RE
boardIOC=true
